{
  "version": 4,
  "terraform_version": "0.15.5",
  "serial": 3,
  "lineage": "a252687b-0209-3c0e-a81b-6e9c169683f5",
  "outputs": {},
  "resources": [
    {
      "mode": "managed",
      "type": "google_container_cluster",
      "name": "gke-cluster",
      "provider": "provider[\"registry.terraform.io/hashicorp/google\"]",
      "instances": [
        {
          "schema_version": 1,
          "attributes": {
            "addons_config": [
              {
                "cloudrun_config": [],
                "horizontal_pod_autoscaling": [],
                "http_load_balancing": [],
                "network_policy_config": [
                  {
                    "disabled": true
                  }
                ]
              }
            ],
            "authenticator_groups_config": [],
            "cluster_autoscaling": [
              {
                "auto_provisioning_defaults": [],
                "enabled": false,
                "resource_limits": []
              }
            ],
            "cluster_ipv4_cidr": "10.0.0.0/14",
            "database_encryption": [
              {
                "key_name": "",
                "state": "DECRYPTED"
              }
            ],
            "datapath_provider": "",
            "default_max_pods_per_node": null,
            "default_snat_status": [
              {
                "disabled": false
              }
            ],
            "description": "",
            "enable_autopilot": false,
            "enable_binary_authorization": false,
            "enable_intranode_visibility": false,
            "enable_kubernetes_alpha": false,
            "enable_legacy_abac": false,
            "enable_shielded_nodes": false,
            "enable_tpu": false,
            "endpoint": "34.93.61.57",
            "id": "projects/qbitflames/locations/asia-south1/clusters/qbit-dev",
            "initial_node_count": 1,
            "instance_group_urls": [
              "https://www.googleapis.com/compute/v1/projects/qbitflames/zones/asia-south1-a/instanceGroups/gke-qbit-dev-default-pool-82726de4-grp",
              "https://www.googleapis.com/compute/v1/projects/qbitflames/zones/asia-south1-b/instanceGroups/gke-qbit-dev-default-pool-665db111-grp",
              "https://www.googleapis.com/compute/v1/projects/qbitflames/zones/asia-south1-c/instanceGroups/gke-qbit-dev-default-pool-cbf598c8-grp"
            ],
            "ip_allocation_policy": [],
            "label_fingerprint": "a9dc16a7",
            "location": "asia-south1",
            "logging_service": "logging.googleapis.com/kubernetes",
            "maintenance_policy": [],
            "master_auth": [
              {
                "client_certificate": "",
                "client_certificate_config": [
                  {
                    "issue_client_certificate": false
                  }
                ],
                "client_key": "",
                "cluster_ca_certificate": "LS0tLS1CRUdJTiBDRVJUSUZJQ0FURS0tLS0tCk1JSURLakNDQWhLZ0F3SUJBZ0lRTEdsNUNFVzExZ3hXVTNvYmJiMy83REFOQmdrcWhraUc5dzBCQVFzRkFEQXYKTVMwd0t3WURWUVFERXlRNFpqbG1NbVJoTVMwMFpXSTVMVFF6TTJVdFlUQTNOeTB6TVdVeFlXUXdaRGMyTlRrdwpIaGNOTWpFd05qQTNNVFEwTnpFd1doY05Nall3TmpBMk1UVTBOekV3V2pBdk1TMHdLd1lEVlFRREV5UTRaamxtCk1tUmhNUzAwWldJNUxUUXpNMlV0WVRBM055MHpNV1V4WVdRd1pEYzJOVGt3Z2dFaU1BMEdDU3FHU0liM0RRRUIKQVFVQUE0SUJEd0F3Z2dFS0FvSUJBUURTUGVaZlhQZXYyd29mSDczY1E2bkRTRFE5VktBZDFSVmEwNDNCL2pXKwovTVkwZzVGWjRxWUVPNUxnY3c5YW9wVW8rU0VPUTFpUWd4VTVTOUZHMitvVElOZHErcUxDb2JtNzd2UjdCdWFOCi9ScXRrZlltUytLTERPaU5NRnBRZzA2K20rOEU4UDFmcmo0dlAwdlJGWS8rbmd2TmtHSXNlbkljdEdjWG9pZEQKSW4yVE5pQnNLOGJDcWh6dzQyTWdWbzM3RDQ1YVJsT3l1ZlExUG1sanRITTVwOTM1V2Z5dFRLT0IxemdEWE9VcwpVZWh6RklQUUdTZ2lYWEhQV0pFUkIzS0RLRFdLcmtRbUJtQVhCa3N3SXd0cUxPTzJxYkI1ckZzSUN0aWI0TTlYCjJvR0xFY3Q4ZWYvTGhud1JtOWQwcFFCRXdvN0c5cWlhb1VRUERLTVpwSE9IQWdNQkFBR2pRakJBTUE0R0ExVWQKRHdFQi93UUVBd0lDQkRBUEJnTlZIUk1CQWY4RUJUQURBUUgvTUIwR0ExVWREZ1FXQkJSSnhJZUphT2NRTTB2RgozakRIbjVZOVFrS2o0VEFOQmdrcWhraUc5dzBCQVFzRkFBT0NBUUVBY001NGJ3V2ZUQmFCcXdyeks1bHlQbWdPCkRNTGY5d3d5ZlRWblNxYnBLL0twdG9BSTlQVEh4c01mYm9kNjRFcG9nTThUOGw0RDZPeDc2OHpjaENBMUJuVmsKTU82L0JiRFFNZG43cUdWRGlqSFFOUjFUQm1mZ1J1SGtRa0t1azEvRFgvWXpEZVdVUmpzYTlGRVFKTWpMNHh4Tgo4dHkzc3paZWROM2cxWHVxM09RbFNQV3RjRFFUU0hsUmJDN2NSdE1aSG9ndlRuMGNkbjJLdnBBT2RIMVVFL2hyCjR4QnpLMEFtZExTQUVib0JEdDVSREtxZmJQVWZPSHZrL3d0R0V6V1lWTnlBTHBHV3Y3REtaSFpyemhzTzQ3QzMKeEI5NzBOVVA1Y2hnSlhNc05wV3o4M0pUa2NycmVqRkdybytaVDVpWEsySENKaElXMExQNkh3ZjRqRGZjQkE9PQotLS0tLUVORCBDRVJUSUZJQ0FURS0tLS0tCg==",
                "password": "",
                "username": ""
              }
            ],
            "master_authorized_networks_config": [],
            "master_version": "1.19.9-gke.1400",
            "min_master_version": null,
            "monitoring_service": "monitoring.googleapis.com/kubernetes",
            "name": "qbit-dev",
            "network": "projects/qbitflames/global/networks/default",
            "network_policy": [
              {
                "enabled": false,
                "provider": "PROVIDER_UNSPECIFIED"
              }
            ],
            "networking_mode": "ROUTES",
            "node_config": [
              {
                "disk_size_gb": 100,
                "disk_type": "pd-standard",
                "guest_accelerator": [],
                "image_type": "COS_CONTAINERD",
                "labels": {},
                "local_ssd_count": 0,
                "machine_type": "e2-medium",
                "metadata": {
                  "disable-legacy-endpoints": "true"
                },
                "min_cpu_platform": "",
                "oauth_scopes": [
                  "https://www.googleapis.com/auth/devstorage.read_only",
                  "https://www.googleapis.com/auth/logging.write",
                  "https://www.googleapis.com/auth/monitoring",
                  "https://www.googleapis.com/auth/service.management.readonly",
                  "https://www.googleapis.com/auth/servicecontrol",
                  "https://www.googleapis.com/auth/trace.append"
                ],
                "preemptible": false,
                "service_account": "default",
                "shielded_instance_config": [
                  {
                    "enable_integrity_monitoring": true,
                    "enable_secure_boot": false
                  }
                ],
                "tags": [],
                "taint": [],
                "workload_metadata_config": []
              }
            ],
            "node_locations": [
              "asia-south1-a",
              "asia-south1-b",
              "asia-south1-c"
            ],
            "node_pool": [
              {
                "autoscaling": [],
                "initial_node_count": 1,
                "instance_group_urls": [
                  "https://www.googleapis.com/compute/v1/projects/qbitflames/zones/asia-south1-a/instanceGroupManagers/gke-qbit-dev-default-pool-82726de4-grp",
                  "https://www.googleapis.com/compute/v1/projects/qbitflames/zones/asia-south1-b/instanceGroupManagers/gke-qbit-dev-default-pool-665db111-grp",
                  "https://www.googleapis.com/compute/v1/projects/qbitflames/zones/asia-south1-c/instanceGroupManagers/gke-qbit-dev-default-pool-cbf598c8-grp"
                ],
                "management": [
                  {
                    "auto_repair": true,
                    "auto_upgrade": true
                  }
                ],
                "max_pods_per_node": 0,
                "name": "default-pool",
                "name_prefix": "",
                "node_config": [
                  {
                    "disk_size_gb": 100,
                    "disk_type": "pd-standard",
                    "guest_accelerator": [],
                    "image_type": "COS_CONTAINERD",
                    "labels": {},
                    "local_ssd_count": 0,
                    "machine_type": "e2-medium",
                    "metadata": {
                      "disable-legacy-endpoints": "true"
                    },
                    "min_cpu_platform": "",
                    "oauth_scopes": [
                      "https://www.googleapis.com/auth/devstorage.read_only",
                      "https://www.googleapis.com/auth/logging.write",
                      "https://www.googleapis.com/auth/monitoring",
                      "https://www.googleapis.com/auth/service.management.readonly",
                      "https://www.googleapis.com/auth/servicecontrol",
                      "https://www.googleapis.com/auth/trace.append"
                    ],
                    "preemptible": false,
                    "service_account": "default",
                    "shielded_instance_config": [
                      {
                        "enable_integrity_monitoring": true,
                        "enable_secure_boot": false
                      }
                    ],
                    "tags": [],
                    "taint": [],
                    "workload_metadata_config": []
                  }
                ],
                "node_count": 1,
                "node_locations": [
                  "asia-south1-a",
                  "asia-south1-b",
                  "asia-south1-c"
                ],
                "upgrade_settings": [
                  {
                    "max_surge": 1,
                    "max_unavailable": 0
                  }
                ],
                "version": "1.19.9-gke.1400"
              }
            ],
            "node_version": "1.19.9-gke.1400",
            "operation": null,
            "pod_security_policy_config": [],
            "private_cluster_config": [],
            "private_ipv6_google_access": "",
            "project": "qbitflames",
            "release_channel": [
              {
                "channel": "REGULAR"
              }
            ],
            "remove_default_node_pool": null,
            "resource_labels": null,
            "resource_usage_export_config": [],
            "self_link": "https://container.googleapis.com/v1beta1/projects/qbitflames/locations/asia-south1/clusters/qbit-dev",
            "services_ipv4_cidr": "10.3.240.0/20",
            "subnetwork": "projects/qbitflames/regions/asia-south1/subnetworks/default",
            "timeouts": null,
            "tpu_ipv4_cidr_block": "",
            "vertical_pod_autoscaling": [],
            "workload_identity_config": []
          },
          "sensitive_attributes": [],
          "private": "eyJlMmJmYjczMC1lY2FhLTExZTYtOGY4OC0zNDM2M2JjN2M0YzAiOnsiY3JlYXRlIjoyNDAwMDAwMDAwMDAwLCJkZWxldGUiOjI0MDAwMDAwMDAwMDAsInJlYWQiOjI0MDAwMDAwMDAwMDAsInVwZGF0ZSI6MzYwMDAwMDAwMDAwMH0sInNjaGVtYV92ZXJzaW9uIjoiMSJ9"
        }
      ]
    }
  ]
}
