{
  "version": 4,
  "terraform_version": "0.15.5",
  "serial": 6,
  "lineage": "081869ab-d05f-a680-a9e0-0634819dc296",
  "outputs": {
    "cluster": {
      "value": "qbit-dev",
      "type": "string"
    },
    "cluster_ca_certificate": {
      "value": "-----BEGIN CERTIFICATE-----\nMIIDKzCCAhOgAwIBAgIRAIuTuDm9op9FHsBHGtcNcmswDQYJKoZIhvcNAQELBQAw\nLzEtMCsGA1UEAxMkYTcwM2FjNjYtMTRmOC00ZTAyLTlkOTAtMjVhMzYyYTVkM2Qx\nMB4XDTIxMDYxMTAyMTY1OFoXDTI2MDYxMDAzMTY1OFowLzEtMCsGA1UEAxMkYTcw\nM2FjNjYtMTRmOC00ZTAyLTlkOTAtMjVhMzYyYTVkM2QxMIIBIjANBgkqhkiG9w0B\nAQEFAAOCAQ8AMIIBCgKCAQEAoE+iXKboHAZ2ikZckGTw1B9f0Hn0uHgcvAWmBypJ\nj+YGXpZ2y2ItullBmmXHyMxsB0+UZi1di/bmt52ZurWQUYUa/Sebx1GE5CH147bH\nplwQa0hiobq9udsGFYOYvyXDcwpUIzM8sb69c/9Uv4sEdmdvnCHlpdNwIx7H1S1h\ns8dVb/YuHd8p2Sns4rbYOgAkpmIZ/kAADbo03YUB73M8LRQ7e9v//aW2rsphUfK4\nWuw2GXHRF1sH75wzX4mArNfbs1ccFc653UAnD6RgHxK0w50zlXLLhgQnt78iaP+C\n2jt+LMoFCuWsEUf9qOu8tI+cQ/8XS75vIIrFBFMh0/KuMwIDAQABo0IwQDAOBgNV\nHQ8BAf8EBAMCAgQwDwYDVR0TAQH/BAUwAwEB/zAdBgNVHQ4EFgQU0lli9PueQDK+\nwb1HNQqD3RQ1Hs8wDQYJKoZIhvcNAQELBQADggEBACbCg/6lZwOHvM+sPWyBivfv\n9QblNfMt+66GuPXsC9uK8IEK8libEskPAqiGWQrREn5d8SyPiXwxtrWaSo2cknn/\nWwC6OdHWi+L0f/apk+U49RD7f+cHOavsxX/4T64Me8SX+iWD7Kx0m2lRhRACE0XZ\nOEyU53k2hzTXhbjgfJvLDuT6yrGdVmgTTHDka6AMi6SJ4h85ssqGsxmRGY/ap9E9\niinqxP6v5h0KCal18rYQPkBPG/l+50kyig9yGRk5mceFfoA50peJZG82y9AMQ9BE\nZzJ2rrCQ2hg1VtCcGi7y0wGgmMu3S+0mrKwrYRGTV84S/jalrDfgLFc7a2JfoOc=\n-----END CERTIFICATE-----\n",
      "type": "string",
      "sensitive": true
    },
    "host": {
      "value": "104.196.30.221",
      "type": "string",
      "sensitive": true
    },
    "password": {
      "value": "",
      "type": "string",
      "sensitive": true
    },
    "username": {
      "value": "",
      "type": "string",
      "sensitive": true
    }
  },
  "resources": [
    {
      "mode": "managed",
      "type": "google_container_cluster",
      "name": "primary",
      "provider": "provider[\"registry.terraform.io/hashicorp/google\"]",
      "instances": [
        {
          "schema_version": 1,
          "attributes": {
            "addons_config": [
              {
                "cloudrun_config": [],
                "horizontal_pod_autoscaling": [],
                "http_load_balancing": [],
                "network_policy_config": [
                  {
                    "disabled": true
                  }
                ]
              }
            ],
            "authenticator_groups_config": [],
            "cluster_autoscaling": [
              {
                "auto_provisioning_defaults": [],
                "enabled": false,
                "resource_limits": []
              }
            ],
            "cluster_ipv4_cidr": "10.20.0.0/14",
            "database_encryption": [
              {
                "key_name": "",
                "state": "DECRYPTED"
              }
            ],
            "datapath_provider": "",
            "default_max_pods_per_node": null,
            "default_snat_status": [
              {
                "disabled": false
              }
            ],
            "description": "",
            "enable_autopilot": false,
            "enable_binary_authorization": false,
            "enable_intranode_visibility": false,
            "enable_kubernetes_alpha": false,
            "enable_legacy_abac": false,
            "enable_shielded_nodes": false,
            "enable_tpu": false,
            "endpoint": "104.196.30.221",
            "id": "projects/qbitflames/locations/us-east1-d/clusters/qbit-dev",
            "initial_node_count": 3,
            "instance_group_urls": [
              "https://www.googleapis.com/compute/v1/projects/qbitflames/zones/us-east1-d/instanceGroups/gke-qbit-dev-default-pool-7f618a1c-grp"
            ],
            "ip_allocation_policy": [],
            "label_fingerprint": "a9dc16a7",
            "location": "us-east1-d",
            "logging_service": "logging.googleapis.com/kubernetes",
            "maintenance_policy": [],
            "master_auth": [
              {
                "client_certificate": "",
                "client_certificate_config": [
                  {
                    "issue_client_certificate": false
                  }
                ],
                "client_key": "",
                "cluster_ca_certificate": "LS0tLS1CRUdJTiBDRVJUSUZJQ0FURS0tLS0tCk1JSURLekNDQWhPZ0F3SUJBZ0lSQUl1VHVEbTlvcDlGSHNCSEd0Y05jbXN3RFFZSktvWklodmNOQVFFTEJRQXcKTHpFdE1Dc0dBMVVFQXhNa1lUY3dNMkZqTmpZdE1UUm1PQzAwWlRBeUxUbGtPVEF0TWpWaE16WXlZVFZrTTJReApNQjRYRFRJeE1EWXhNVEF5TVRZMU9Gb1hEVEkyTURZeE1EQXpNVFkxT0Zvd0x6RXRNQ3NHQTFVRUF4TWtZVGN3Ck0yRmpOall0TVRSbU9DMDBaVEF5TFRsa09UQXRNalZoTXpZeVlUVmtNMlF4TUlJQklqQU5CZ2txaGtpRzl3MEIKQVFFRkFBT0NBUThBTUlJQkNnS0NBUUVBb0UraVhLYm9IQVoyaWtaY2tHVHcxQjlmMEhuMHVIZ2N2QVdtQnlwSgpqK1lHWHBaMnkySXR1bGxCbW1YSHlNeHNCMCtVWmkxZGkvYm10NTJadXJXUVVZVWEvU2VieDFHRTVDSDE0N2JICnBsd1FhMGhpb2JxOXVkc0dGWU9ZdnlYRGN3cFVJek04c2I2OWMvOVV2NHNFZG1kdm5DSGxwZE53SXg3SDFTMWgKczhkVmIvWXVIZDhwMlNuczRyYllPZ0FrcG1JWi9rQUFEYm8wM1lVQjczTThMUlE3ZTl2Ly9hVzJyc3BoVWZLNApXdXcyR1hIUkYxc0g3NXd6WDRtQXJOZmJzMWNjRmM2NTNVQW5ENlJnSHhLMHc1MHpsWExMaGdRbnQ3OGlhUCtDCjJqdCtMTW9GQ3VXc0VVZjlxT3U4dEkrY1EvOFhTNzV2SUlyRkJGTWgwL0t1TXdJREFRQUJvMEl3UURBT0JnTlYKSFE4QkFmOEVCQU1DQWdRd0R3WURWUjBUQVFIL0JBVXdBd0VCL3pBZEJnTlZIUTRFRmdRVTBsbGk5UHVlUURLKwp3YjFITlFxRDNSUTFIczh3RFFZSktvWklodmNOQVFFTEJRQURnZ0VCQUNiQ2cvNmxad09Idk0rc1BXeUJpdmZ2CjlRYmxOZk10KzY2R3VQWHNDOXVLOElFSzhsaWJFc2tQQXFpR1dRclJFbjVkOFN5UGlYd3h0cldhU28yY2tubi8KV3dDNk9kSFdpK0wwZi9hcGsrVTQ5UkQ3ZitjSE9hdnN4WC80VDY0TWU4U1graVdEN0t4MG0ybFJoUkFDRTBYWgpPRXlVNTNrMmh6VFhoYmpnZkp2TER1VDZ5ckdkVm1nVFRIRGthNkFNaTZTSjRoODVzc3FHc3htUkdZL2FwOUU5CmlpbnF4UDZ2NWgwS0NhbDE4cllRUGtCUEcvbCs1MGt5aWc5eUdSazVtY2VGZm9BNTBwZUpaRzgyeTlBTVE5QkUKWnpKMnJyQ1EyaGcxVnRDY0dpN3kwd0dnbU11M1MrMG1yS3dyWVJHVFY4NFMvamFsckRmZ0xGYzdhMkpmb09jPQotLS0tLUVORCBDRVJUSUZJQ0FURS0tLS0tCg==",
                "password": "",
                "username": ""
              }
            ],
            "master_authorized_networks_config": [],
            "master_version": "1.19.9-gke.1900",
            "min_master_version": null,
            "monitoring_service": "monitoring.googleapis.com/kubernetes",
            "name": "qbit-dev",
            "network": "projects/qbitflames/global/networks/default",
            "network_policy": [
              {
                "enabled": false,
                "provider": "PROVIDER_UNSPECIFIED"
              }
            ],
            "networking_mode": "ROUTES",
            "node_config": [
              {
                "disk_size_gb": 100,
                "disk_type": "pd-standard",
                "guest_accelerator": [],
                "image_type": "COS_CONTAINERD",
                "labels": {},
                "local_ssd_count": 0,
                "machine_type": "e2-medium",
                "metadata": {
                  "disable-legacy-endpoints": "true"
                },
                "min_cpu_platform": "",
                "oauth_scopes": [
                  "https://www.googleapis.com/auth/devstorage.read_only",
                  "https://www.googleapis.com/auth/logging.write",
                  "https://www.googleapis.com/auth/monitoring",
                  "https://www.googleapis.com/auth/service.management.readonly",
                  "https://www.googleapis.com/auth/servicecontrol",
                  "https://www.googleapis.com/auth/trace.append"
                ],
                "preemptible": false,
                "service_account": "default",
                "shielded_instance_config": [
                  {
                    "enable_integrity_monitoring": true,
                    "enable_secure_boot": false
                  }
                ],
                "tags": [],
                "taint": [],
                "workload_metadata_config": []
              }
            ],
            "node_locations": [],
            "node_pool": [
              {
                "autoscaling": [],
                "initial_node_count": 3,
                "instance_group_urls": [
                  "https://www.googleapis.com/compute/v1/projects/qbitflames/zones/us-east1-d/instanceGroupManagers/gke-qbit-dev-default-pool-7f618a1c-grp"
                ],
                "management": [
                  {
                    "auto_repair": true,
                    "auto_upgrade": true
                  }
                ],
                "max_pods_per_node": 0,
                "name": "default-pool",
                "name_prefix": "",
                "node_config": [
                  {
                    "disk_size_gb": 100,
                    "disk_type": "pd-standard",
                    "guest_accelerator": [],
                    "image_type": "COS_CONTAINERD",
                    "labels": {},
                    "local_ssd_count": 0,
                    "machine_type": "e2-medium",
                    "metadata": {
                      "disable-legacy-endpoints": "true"
                    },
                    "min_cpu_platform": "",
                    "oauth_scopes": [
                      "https://www.googleapis.com/auth/devstorage.read_only",
                      "https://www.googleapis.com/auth/logging.write",
                      "https://www.googleapis.com/auth/monitoring",
                      "https://www.googleapis.com/auth/service.management.readonly",
                      "https://www.googleapis.com/auth/servicecontrol",
                      "https://www.googleapis.com/auth/trace.append"
                    ],
                    "preemptible": false,
                    "service_account": "default",
                    "shielded_instance_config": [
                      {
                        "enable_integrity_monitoring": true,
                        "enable_secure_boot": false
                      }
                    ],
                    "tags": [],
                    "taint": [],
                    "workload_metadata_config": []
                  }
                ],
                "node_count": 3,
                "node_locations": [
                  "us-east1-d"
                ],
                "upgrade_settings": [
                  {
                    "max_surge": 1,
                    "max_unavailable": 0
                  }
                ],
                "version": "1.19.9-gke.1900"
              }
            ],
            "node_version": "1.19.9-gke.1900",
            "operation": null,
            "pod_security_policy_config": [],
            "private_cluster_config": [],
            "private_ipv6_google_access": "",
            "project": "qbitflames",
            "release_channel": [
              {
                "channel": "REGULAR"
              }
            ],
            "remove_default_node_pool": null,
            "resource_labels": null,
            "resource_usage_export_config": [],
            "self_link": "https://container.googleapis.com/v1beta1/projects/qbitflames/zones/us-east1-d/clusters/qbit-dev",
            "services_ipv4_cidr": "10.23.240.0/20",
            "subnetwork": "projects/qbitflames/regions/us-east1/subnetworks/default",
            "timeouts": {
              "create": "30m",
              "delete": null,
              "read": null,
              "update": "40m"
            },
            "tpu_ipv4_cidr_block": "",
            "vertical_pod_autoscaling": [],
            "workload_identity_config": []
          },
          "sensitive_attributes": [],
          "private": "eyJlMmJmYjczMC1lY2FhLTExZTYtOGY4OC0zNDM2M2JjN2M0YzAiOnsiY3JlYXRlIjoxODAwMDAwMDAwMDAwLCJkZWxldGUiOjI0MDAwMDAwMDAwMDAsInJlYWQiOjI0MDAwMDAwMDAwMDAsInVwZGF0ZSI6MjQwMDAwMDAwMDAwMH0sInNjaGVtYV92ZXJzaW9uIjoiMSJ9"
        }
      ]
    }
  ]
}
